{
  "version": 4,
  "terraform_version": "1.6.4",
  "serial": 54,
  "lineage": "6fa0363d-05b7-dee2-dc62-dece4f24580a",
  "outputs": {
    "account_id": {
      "value": "921283598378",
      "type": "string"
    },
    "api_gateway_canary_stage_name": {
      "value": "canary",
      "type": "string"
    },
    "api_gateway_endpoint": {
      "value": "https://fs5v13fzn8.execute-api.us-east-1.amazonaws.com",
      "type": "string"
    },
    "api_gateway_id": {
      "value": "fs5v13fzn8",
      "type": "string"
    },
    "api_gateway_main_stage_name": {
      "value": "main",
      "type": "string"
    },
    "api_gateway_stage_name": {
      "value": "$default",
      "type": "string"
    },
    "caller_arn": {
      "value": "arn:aws:iam::921283598378:user/francisco",
      "type": "string"
    },
    "caller_user": {
      "value": "AIDA5NAGIDAVPAU3F2OZD",
      "type": "string"
    },
    "docker_build_context": {
      "value": "./containers",
      "type": "string"
    },
    "ecr_repository_urls": {
      "value": {
        "lambda-nestjs": "921283598378.dkr.ecr.us-east-1.amazonaws.com/lambda-nestjs-repo"
      },
      "type": [
        "object",
        {
          "lambda-nestjs": "string"
        }
      ]
    },
    "lambda_alias_canary_name": {
      "value": "canary",
      "type": "string"
    },
    "lambda_alias_main_name": {
      "value": "main",
      "type": "string"
    },
    "lambda_function_name": {
      "value": "lambda-nestjs",
      "type": "string"
    },
    "trigged_by": {
      "value": {
        "lambda-nestjs": {
          "detect_docker_source_changes": "48310aa8c128350288b209e62f0e6500a9357b9a188eb55e5949998eb7459c6d"
        }
      },
      "type": [
        "object",
        {
          "lambda-nestjs": [
            "map",
            "string"
          ]
        }
      ]
    }
  },
  "resources": [
    {
      "mode": "data",
      "type": "aws_caller_identity",
      "name": "current",
      "provider": "provider[\"registry.terraform.io/hashicorp/aws\"]",
      "instances": [
        {
          "schema_version": 0,
          "attributes": {
            "account_id": "921283598378",
            "arn": "arn:aws:iam::921283598378:user/francisco",
            "id": "921283598378",
            "user_id": "AIDA5NAGIDAVPAU3F2OZD"
          },
          "sensitive_attributes": []
        }
      ]
    },
    {
      "mode": "data",
      "type": "aws_ecr_authorization_token",
      "name": "token",
      "provider": "provider[\"registry.terraform.io/hashicorp/aws\"]",
      "instances": [
        {
          "schema_version": 0,
          "attributes": {
            "authorization_token": "QVdTOmV5SndZWGxzYjJGa0lqb2lkWEp6VkdSSlFXc3hObGxIU0RkdlkwTk9iMFpzV1doblNscE5hRGhzT1ZadE5uaDJlV2d3VTBrekszRldSU3RwVlVOYVZ6bFpiR2N4ZEhsYVptRlpRa3gyZWxRM1JtZFpPVzFMWm5OUVF6ZE5PWFJUWnpSRldqaFlTbWhRWldNd2ExcE5UWFJQV2tRNWFGcDJURTA0UjNadllYSkZhMXBxYlhvMVYwWmFhekZIVWtocWNHdzRRMWR3TmtKbkwxWXpUbWx6UTFoTlNuSkdWV1ozWkU1aFVGcHdlRVEzVFVWMmNESlVRMlozUjNSdGVFVjFSMFZQTTFaYVQyOUxSMGx4TW5oblVreGlTMmxoTmxRd2FVTmhVMEpzYUhwSFdtMHhNbVJCVVM5dVZ6VkdXWEpqTWl0WFpVRlFaMjEwYkhVeU1qVkljVmN2ZVV3MlQwSTJTekJuYVVWUWVESnlZV3hZUVhwTWJUSmpUbGhLV0hRMlRYRXhRbkJ0Vlc1UlJIQnRWMU01Ukc5U1EzUmxjalowVTNoVmVsazRhazlGTVhkSlUzYzRTWGRwYXpOeVlqVTVkVGR5TjJGdVFVODVPVVJJTjFSYVIwWXZjUzlzYTFVMGMzTnBkVzl0V0dObE1rdDFWR0pYTUc5blRGZFNaRTFJZUVGMFl5OXllRmxaY0ZsWFYxTkNSWFJLZGs1NWIyTlhWaTlVV1djdlFtZHJZU3RYZVhwc1psZE1ZMkZtU1dZd01UWXJkbWd6ZFhFMFMzQnphVTFXV1hadU1sTkJkMXBLVTNVMGIwc3hUV05HVG10V2MyZzRTVFJaUmpKTFowMW1ZVGR0TW5kdE5taHZhRGxMYVdoS2VXaHJVbVpTTXpGT1VrNW9lRkZ6ZWtkd2FrSklNbXd6YkU1T1oxSXJjM2xDV2xSM2NYWnplaXRWTWpWWldrUkpLMlpQWlZFeFYzcFFSRlJtZFhwSlNIRlNNMVJUVUU5M1ZFRkRXalJMTVU5Vk0ycFNlR3hpYjNZelZIVnBURzlwTUc5d2NXRTNjVmhrZHpSSmEwMXZiVzB3YlRNeWIyMUdkR1prYjBSU2NHTlJjRWw1YVZGMk56aHRRalJ4UWtOdloweExRMmxpZGtsaFFXbGplamhVV0hCV2FrTlBPSFJVY0ZkVWMwOWplVUpsZGxJNE4ybFlja2hHTUVoWFJXNURWelYyUW01M2RGRlVkMDFzTVhoTGN6Sm9Nalp2V25vd1FsbENiM0ZVYzFGQ1MwSkJWbGRLY1RKV01rVkdORzlVY1hSalZVVkpkVGhyVVVsUVZuRkRaa1ZMVFZsaE4zRTBUWG8zTVU5a1MycFdTR1J3U2tNNVQxQjFZMFpaV1U5RVduZERSblpHYTJ4VVpXRjBVbFF2VGpWNlkwVTNkV3hJV0ZSVFNqbENXV3N3UTIwclZtbGtVbnBJVUZOWk4yUk9kRk5ZVmtrd1RXdENPUzhyUzFaMFlVbzVRMFF5TkZOS2VFVjVTRmRCYUVoSmQwcFlkMnQxYTBaS1NGQlVibGxMUmxWSFFWRjRlR056V0U1amVFeEJWRWRSY1VSS1pHMVdiR3QyVG1GSVFuRlZTak5NTVUxM1lYVkZORkIxYWtkT2QyazNUWGR3ZFRGc2RUSkxiV2RFTW1WeFpGTjBhbFU1TUVwR2NIUnVhSGhOWVVwRmMzazNPSEZFUkhJeGJUbFJhRWhMWTBZMVNVVnBVamsyWTNwTVRWQm9jVmRuWTNsSmIwTTBhRU12ZUc4clYwbzFTRGROUlZWQ1UyVXlWR05wYzJoQlMxWldiRWs0TVRoWlNEVk1UVGRqTmxOR2NHMW5jWFY2UzBOeVVUMDlJaXdpWkdGMFlXdGxlU0k2SWtGUlJVSkJTR2gzYlRCWllVbFRTbVZTZEVwdE5XNHhSeloxY1dWbGExaDFiMWhZVUdVMVZVWmpaVGxTY1Rndk1UUjNRVUZCU0RSM1prRlpTa3R2V2tsb2RtTk9RVkZqUjI5SE9IZGlVVWxDUVVSQ2IwSm5hM0ZvYTJsSE9YY3dRa0ozUlhkSVoxbEtXVWxhU1VGWFZVUkNRVVYxVFVKRlJVUkllV3d4WWt4c1J6SlRZMUl2VlV0TFFVbENSVWxCTjFWaVFUQnNZWEpFVmxOSWVEaGhZVFoxYUc5emEyODFhamRrYmxod2NYWTFhMWRpUVVvMk9GbG1RUzlwWXprM2NWbG1UbUk1YUdaRU4zZFVXakZOYmpsek5pOVJaMDA1ZFdkdFpUaGtkRWs5SWl3aWRtVnljMmx2YmlJNklqSWlMQ0owZVhCbElqb2lSRUZVUVY5TFJWa2lMQ0psZUhCcGNtRjBhVzl1SWpveE56SXdNVFkxT0RjNWZRPT0=",
            "expires_at": "2024-07-05T07:51:19Z",
            "id": "us-east-1",
            "password": "eyJwYXlsb2FkIjoidXJzVGRJQWsxNllHSDdvY0NOb0ZsWWhnSlpNaDhsOVZtNnh2eWgwU0kzK3FWRStpVUNaVzlZbGcxdHlaZmFZQkx2elQ3RmdZOW1LZnNQQzdNOXRTZzRFWjhYSmhQZWMwa1pNTXRPWkQ5aFp2TE04R3ZvYXJFa1pqbXo1V0ZaazFHUkhqcGw4Q1dwNkJnL1YzTmlzQ1hNSnJGVWZ3ZE5hUFpweEQ3TUV2cDJUQ2Z3R3RteEV1R0VPM1ZaT29LR0lxMnhnUkxiS2lhNlQwaUNhU0JsaHpHWm0xMmRBUS9uVzVGWXJjMitXZUFQZ210bHUyMjVIcVcveUw2T0I2SzBnaUVQeDJyYWxYQXpMbTJjTlhKWHQ2TXExQnBtVW5RRHBtV1M5RG9SQ3RlcjZ0U3hVelk4ak9FMXdJU3c4SXdpazNyYjU5dTdyN2FuQU85OURIN1RaR0YvcS9sa1U0c3NpdW9tWGNlMkt1VGJXMG9nTFdSZE1IeEF0Yy9yeFlZcFlXV1NCRXRKdk55b2NXVi9UWWcvQmdrYStXeXpsZldMY2FmSWYwMTYrdmgzdXE0S3BzaU1WWXZuMlNBd1pKU3U0b0sxTWNGTmtWc2g4STRZRjJLZ01mYTdtMndtNmhvaDlLaWhKeWhrUmZSMzFOUk5oeFFzekdwakJIMmwzbE5OZ1Irc3lCWlR3cXZzeitVMjVZWkRJK2ZPZVExV3pQRFRmdXpJSHFSM1RTUE93VEFDWjRLMU9VM2pSeGxib3YzVHVpTG9pMG9wcWE3cVhkdzRJa01vbW0wbTMyb21GdGZkb0RScGNRcEl5aVF2NzhtQjRxQkNvZ0xLQ2lidklhQWljejhUWHBWakNPOHRUcFdUc09jeUJldlI4N2lYckhGMEhXRW5DVzV2Qm53dFFUd01sMXhLczJoMjZvWnowQllCb3FUc1FCS0JBVldKcTJWMkVGNG9UcXRjVUVJdThrUUlQVnFDZkVLTVlhN3E0TXo3MU9kS2pWSGRwSkM5T1B1Y0ZZWU9EWndDRnZGa2xUZWF0UlQvTjV6Y0U3dWxIWFRTSjlCWWswQ20rVmlkUnpIUFNZN2ROdFNYVkkwTWtCOS8rS1Z0YUo5Q0QyNFNKeEV5SFdBaEhJd0pYd2t1a0ZKSFBUbllLRlVHQVF4eGNzWE5jeExBVEdRcURKZG1WbGt2TmFIQnFVSjNMMU13YXVFNFB1akdOd2k3TXdwdTFsdTJLbWdEMmVxZFN0alU5MEpGcHRuaHhNYUpFc3k3OHFERHIxbTlRaEhLY0Y1SUVpUjk2Y3pMTVBocVdnY3lJb0M0aEMveG8rV0o1SDdNRVVCU2UyVGNpc2hBS1ZWbEk4MThZSDVMTTdjNlNGcG1ncXV6S0NyUT09IiwiZGF0YWtleSI6IkFRRUJBSGh3bTBZYUlTSmVSdEptNW4xRzZ1cWVla1h1b1hYUGU1VUZjZTlScTgvMTR3QUFBSDR3ZkFZSktvWklodmNOQVFjR29HOHdiUUlCQURCb0Jna3Foa2lHOXcwQkJ3RXdIZ1lKWUlaSUFXVURCQUV1TUJFRURIeWwxYkxsRzJTY1IvVUtLQUlCRUlBN1ViQTBsYXJEVlNIeDhhYTZ1aG9za281ajdkblhwcXY1a1diQUo2OFlmQS9pYzk3cVlmTmI5aGZEN3dUWjFNbjlzNi9RZ005dWdtZThkdEk9IiwidmVyc2lvbiI6IjIiLCJ0eXBlIjoiREFUQV9LRVkiLCJleHBpcmF0aW9uIjoxNzIwMTY1ODc5fQ==",
            "proxy_endpoint": "https://921283598378.dkr.ecr.us-east-1.amazonaws.com",
            "registry_id": null,
            "user_name": "AWS"
          },
          "sensitive_attributes": []
        }
      ]
    },
    {
      "mode": "data",
      "type": "aws_eks_cluster",
      "name": "cluster",
      "provider": "provider[\"registry.terraform.io/hashicorp/aws\"]",
      "instances": [
        {
          "schema_version": 0,
          "attributes": {
            "access_config": [
              {
                "authentication_mode": "API_AND_CONFIG_MAP"
              }
            ],
            "arn": "arn:aws:eks:us-east-1:921283598378:cluster/webkonce",
            "certificate_authority": [
              {
                "data": "LS0tLS1CRUdJTiBDRVJUSUZJQ0FURS0tLS0tCk1JSURCVENDQWUyZ0F3SUJBZ0lJSHV3N01GQ1lveEl3RFFZSktvWklodmNOQVFFTEJRQXdGVEVUTUJFR0ExVUUKQXhNS2EzVmlaWEp1WlhSbGN6QWVGdzB5TkRBM01EUXhPVEEyTlRkYUZ3MHpOREEzTURJeE9URXhOVGRhTUJVeApFekFSQmdOVkJBTVRDbXQxWW1WeWJtVjBaWE13Z2dFaU1BMEdDU3FHU0liM0RRRUJBUVVBQTRJQkR3QXdnZ0VLCkFvSUJBUUMvSUNOL1lTWWVQVG5PRWx2b3pMNXJTQnpVdXpLYjJUY1NsT0p3QWsvUG81RlQ2SWl6WGZKVGNhWncKcjBYMlNiTDRhdFNpSVRnU3F2SUMwVjVVZDVPL25GcTJpd1hWMTdoSkw2ZTdWcmYvRFdHK2JPQ2ZBaWlEM0k5OQphd3FpMTVmWWJZKzlhRW5ReU0veXBHOElIMlJNaUlmMmZoRmM2c1lVZU40WldJY0tZMkxFeDkvT3RZbjVSYW50CnM0ZktxS21rMjVJMmJKZjQ4bXYyeVhrNTVjWUlGbGwvY1EyR2lWaW9OWjZJUFU2NzJlNllNL0owNmRad1ZJYjcKUXBXSGJHVDEydURkTko2azkrd0xiQmtBUk50dmR3eEZtb3B5Mm16NE90MjlaZlRSZGp0ZmVEeVQzWGVvWHhoMQpCOHRkZFUyZEJKdWdPbjdaODlyc243K0ZubGV2QWdNQkFBR2pXVEJYTUE0R0ExVWREd0VCL3dRRUF3SUNwREFQCkJnTlZIUk1CQWY4RUJUQURBUUgvTUIwR0ExVWREZ1FXQkJURndDZ1BrZi80UXZSc2NZUUJrTjBHQko0TlpEQVYKQmdOVkhSRUVEakFNZ2dwcmRXSmxjbTVsZEdWek1BMEdDU3FHU0liM0RRRUJDd1VBQTRJQkFRQ0RSVXZqNGl3dgplaFRPUXJVeUNGc1hPcXRXZmJuZnF4N1AvYVBQbXlXZUpZZTY2S2JsMThJOE1iS2Q3eVNsTHZKUHY1K29CdlhhCi94c1dsTGw1RGxEQlVYZ0NXL3BMSWFqcWVZVmdsbFpOWnhDcWhxTlhPUDN5UlAwejFGc1JLa3IrTzRPaGplVCsKdjQ1M3g0Ump2WUxaZUJMSVA3elJ1aTFnbzFPcmlhT2xJeTIzOFNjSGRiOXFYdGljUFF3Y3lVN0x5M2lOV1lZOQp4WFMrWjg3TG1Na2QxS3VHaHU2QU5rWThmYTlPdUVmbjdxSi80VmFiemJJTWhER0g5bFlCZXhQdWc0TzFQN3NTCm1YQktrRXRMMVZobGNRVlNDN096M2NPY01CaVZkdkhyVm1qOStoWG9WTGxJZCtwcVM1RGRISTZoLzNuZ2NUcmoKYlQ0WmY4bStiaENDCi0tLS0tRU5EIENFUlRJRklDQVRFLS0tLS0K"
              }
            ],
            "cluster_id": null,
            "created_at": "2024-07-04 19:07:06.531 +0000 UTC",
            "enabled_cluster_log_types": [],
            "endpoint": "https://70F339337EAE580697B37D683C8F4380.gr7.us-east-1.eks.amazonaws.com",
            "id": "webkonce",
            "identity": [
              {
                "oidc": [
                  {
                    "issuer": "https://oidc.eks.us-east-1.amazonaws.com/id/70F339337EAE580697B37D683C8F4380"
                  }
                ]
              }
            ],
            "kubernetes_network_config": [
              {
                "ip_family": "ipv4",
                "service_ipv4_cidr": "10.100.0.0/16",
                "service_ipv6_cidr": ""
              }
            ],
            "name": "webkonce",
            "outpost_config": [],
            "platform_version": "eks.7",
            "role_arn": "arn:aws:iam::921283598378:role/eksctl-webkonce-cluster-ServiceRole-oqcvV3nHXgwK",
            "status": "ACTIVE",
            "tags": {
              "Name": "eksctl-webkonce-cluster/ControlPlane",
              "alpha.eksctl.io/cluster-name": "webkonce",
              "alpha.eksctl.io/cluster-oidc-enabled": "false",
              "alpha.eksctl.io/eksctl-version": "0.181.0",
              "eksctl.cluster.k8s.io/v1alpha1/cluster-name": "webkonce"
            },
            "version": "1.29",
            "vpc_config": [
              {
                "cluster_security_group_id": "sg-0949c080d998a59f9",
                "endpoint_private_access": false,
                "endpoint_public_access": true,
                "public_access_cidrs": [
                  "0.0.0.0/0"
                ],
                "security_group_ids": [
                  "sg-057630a4050a9df4c"
                ],
                "subnet_ids": [
                  "subnet-0155ab27b135ba595",
                  "subnet-082614c778d6d4597",
                  "subnet-08d4755a240188ff2",
                  "subnet-09d58b8a132dd461f",
                  "subnet-0a5a24a7f7718c69d",
                  "subnet-0e37e00efd0d53424"
                ],
                "vpc_id": "vpc-02d4712c096c340fd"
              }
            ]
          },
          "sensitive_attributes": []
        }
      ]
    },
    {
      "mode": "data",
      "type": "aws_eks_cluster_auth",
      "name": "cluster",
      "provider": "provider[\"registry.terraform.io/hashicorp/aws\"]",
      "instances": [
        {
          "schema_version": 0,
          "attributes": {
            "id": "webkonce",
            "name": "webkonce",
            "token": "k8s-aws-v1.aHR0cHM6Ly9zdHMudXMtZWFzdC0xLmFtYXpvbmF3cy5jb20vP0FjdGlvbj1HZXRDYWxsZXJJZGVudGl0eSZWZXJzaW9uPTIwMTEtMDYtMTUmWC1BbXotQWxnb3JpdGhtPUFXUzQtSE1BQy1TSEEyNTYmWC1BbXotQ3JlZGVudGlhbD1BS0lBNU5BR0lEQVZFRE1FSTU3VCUyRjIwMjQwNzA0JTJGdXMtZWFzdC0xJTJGc3RzJTJGYXdzNF9yZXF1ZXN0JlgtQW16LURhdGU9MjAyNDA3MDRUMTk1MTE5WiZYLUFtei1FeHBpcmVzPTAmWC1BbXotU2lnbmVkSGVhZGVycz1ob3N0JTNCeC1rOHMtYXdzLWlkJlgtQW16LVNpZ25hdHVyZT1kMmFjMDIwZDNjNjcyNzRhZGZhMDZhNjRjMTA2ZGY4OGRjY2E4MTUyZmE0ZTUzNmQ4OGQzMWY4NDAwOTAyNzc4"
          },
          "sensitive_attributes": []
        }
      ]
    },
    {
      "mode": "data",
      "type": "aws_iam_roles",
      "name": "roles",
      "provider": "provider[\"registry.terraform.io/hashicorp/aws\"]",
      "instances": [
        {
          "schema_version": 0,
          "attributes": {
            "arns": [
              "arn:aws:iam::921283598378:role/aws-reserved/sso.amazonaws.com/AWSReservedSSO_SystemAdministrator_2327177ae2444e70",
              "arn:aws:iam::921283598378:role/aws-service-role/autoscaling.amazonaws.com/AWSServiceRoleForAutoScaling",
              "arn:aws:iam::921283598378:role/aws-service-role/ecs.amazonaws.com/AWSServiceRoleForECS",
              "arn:aws:iam::921283598378:role/aws-service-role/eks-nodegroup.amazonaws.com/AWSServiceRoleForAmazonEKSNodegroup",
              "arn:aws:iam::921283598378:role/aws-service-role/eks.amazonaws.com/AWSServiceRoleForAmazonEKS",
              "arn:aws:iam::921283598378:role/aws-service-role/elasticloadbalancing.amazonaws.com/AWSServiceRoleForElasticLoadBalancing",
              "arn:aws:iam::921283598378:role/aws-service-role/opensearchservice.amazonaws.com/AWSServiceRoleForAmazonOpenSearchService",
              "arn:aws:iam::921283598378:role/aws-service-role/ops.apigateway.amazonaws.com/AWSServiceRoleForAPIGateway",
              "arn:aws:iam::921283598378:role/aws-service-role/organizations.amazonaws.com/AWSServiceRoleForOrganizations",
              "arn:aws:iam::921283598378:role/aws-service-role/rds.amazonaws.com/AWSServiceRoleForRDS",
              "arn:aws:iam::921283598378:role/aws-service-role/sso.amazonaws.com/AWSServiceRoleForSSO",
              "arn:aws:iam::921283598378:role/aws-service-role/support.amazonaws.com/AWSServiceRoleForSupport",
              "arn:aws:iam::921283598378:role/aws-service-role/trustedadvisor.amazonaws.com/AWSServiceRoleForTrustedAdvisor",
              "arn:aws:iam::921283598378:role/eksctl-webkonce-cluster-ServiceRole-oqcvV3nHXgwK",
              "arn:aws:iam::921283598378:role/eksctl-webkonce-nodegroup-linux-no-NodeInstanceRole-Mj1GEBiJQSKd"
            ],
            "id": "us-east-1",
            "name_regex": null,
            "names": [
              "AWSReservedSSO_SystemAdministrator_2327177ae2444e70",
              "AWSServiceRoleForAPIGateway",
              "AWSServiceRoleForAmazonEKS",
              "AWSServiceRoleForAmazonEKSNodegroup",
              "AWSServiceRoleForAmazonOpenSearchService",
              "AWSServiceRoleForAutoScaling",
              "AWSServiceRoleForECS",
              "AWSServiceRoleForElasticLoadBalancing",
              "AWSServiceRoleForOrganizations",
              "AWSServiceRoleForRDS",
              "AWSServiceRoleForSSO",
              "AWSServiceRoleForSupport",
              "AWSServiceRoleForTrustedAdvisor",
              "eksctl-webkonce-cluster-ServiceRole-oqcvV3nHXgwK",
              "eksctl-webkonce-nodegroup-linux-no-NodeInstanceRole-Mj1GEBiJQSKd"
            ],
            "path_prefix": null
          },
          "sensitive_attributes": []
        }
      ]
    },
    {
      "mode": "data",
      "type": "aws_region",
      "name": "current",
      "provider": "provider[\"registry.terraform.io/hashicorp/aws\"]",
      "instances": [
        {
          "schema_version": 0,
          "attributes": {
            "description": "US East (N. Virginia)",
            "endpoint": "ec2.us-east-1.amazonaws.com",
            "id": "us-east-1",
            "name": "us-east-1"
          },
          "sensitive_attributes": []
        }
      ]
    },
    {
      "mode": "data",
      "type": "tls_certificate",
      "name": "github_actions_oidc_endpoint",
      "provider": "provider[\"registry.terraform.io/hashicorp/tls\"]",
      "instances": [
        {
          "schema_version": 0,
          "attributes": {
            "certificates": [
              {
                "cert_pem": "-----BEGIN CERTIFICATE-----\nMIIEyDCCA7CgAwIBAgIQDPW9BitWAvR6uFAsI8zwZjANBgkqhkiG9w0BAQsFADBh\nMQswCQYDVQQGEwJVUzEVMBMGA1UEChMMRGlnaUNlcnQgSW5jMRkwFwYDVQQLExB3\nd3cuZGlnaWNlcnQuY29tMSAwHgYDVQQDExdEaWdpQ2VydCBHbG9iYWwgUm9vdCBH\nMjAeFw0yMTAzMzAwMDAwMDBaFw0zMTAzMjkyMzU5NTlaMFkxCzAJBgNVBAYTAlVT\nMRUwEwYDVQQKEwxEaWdpQ2VydCBJbmMxMzAxBgNVBAMTKkRpZ2lDZXJ0IEdsb2Jh\nbCBHMiBUTFMgUlNBIFNIQTI1NiAyMDIwIENBMTCCASIwDQYJKoZIhvcNAQEBBQAD\nggEPADCCAQoCggEBAMz3EGJPprtjb+2QUlbFbSd7ehJWivH0+dbn4Y+9lavyYEEV\ncNsSAPonCrVXOFt9slGTcZUOakGUWzUb+nv6u8W+JDD+Vu/E832X4xT1FE3LpxDy\nFuqrIvAxIhFhaZAmunjZlx/jfWardUSVc8is/+9dCopZQ+GssjoP80j812s3wWPc\n3kbW20X+fSP9kOhRBx5Ro1/tSUZUfyyIxfQTnJcVPAPooTncaQwywa8WV0yUR0J8\nosicfebUTVSvQpmowQTCd5zWSOTOEeAqgJnwQ3DPP3Zr0UxJqyRewg2C/Uaoq2yT\nzGJSQnWS+Jr6Xl6ysGHlHx+5fwmY6D36g39HaaECAwEAAaOCAYIwggF+MBIGA1Ud\nEwEB/wQIMAYBAf8CAQAwHQYDVR0OBBYEFHSFgMBmx9833s+9KTeqAx2+7c0XMB8G\nA1UdIwQYMBaAFE4iVCAYlebjbuYP+vq5Eu0GF485MA4GA1UdDwEB/wQEAwIBhjAd\nBgNVHSUEFjAUBggrBgEFBQcDAQYIKwYBBQUHAwIwdgYIKwYBBQUHAQEEajBoMCQG\nCCsGAQUFBzABhhhodHRwOi8vb2NzcC5kaWdpY2VydC5jb20wQAYIKwYBBQUHMAKG\nNGh0dHA6Ly9jYWNlcnRzLmRpZ2ljZXJ0LmNvbS9EaWdpQ2VydEdsb2JhbFJvb3RH\nMi5jcnQwQgYDVR0fBDswOTA3oDWgM4YxaHR0cDovL2NybDMuZGlnaWNlcnQuY29t\nL0RpZ2lDZXJ0R2xvYmFsUm9vdEcyLmNybDA9BgNVHSAENjA0MAsGCWCGSAGG/WwC\nATAHBgVngQwBATAIBgZngQwBAgEwCAYGZ4EMAQICMAgGBmeBDAECAzANBgkqhkiG\n9w0BAQsFAAOCAQEAkPFwyyiXaZd8dP3A+iZ7U6utzWX9upwGnIrXWkOH7U1MVl+t\nwcW1BSAuWdH/SvWgKtiwla3JLko716f2b4gp/DA/JIS7w7d7kwcsr4drdjPtAFVS\nslme5LnQ89/nD/7d+MS5EHKBCQRfz5eeLjJ1js+aWNJXMX43AYGyZm0pGrFmCW3R\nbpD0ufovARTFXFZkAdl9h6g4U5+LXUZtXMYnhIHUfoyMo5tS58aI7Dd8KvvwVVo4\nchDYABPPTHPbqjc1qCmBaZx2vN4Ye5DUys/vZwP9BFohFrH/6j/f3IL16/RZkiMN\nJCqVJUzKoZHm1Lesh3Sz8W2jmdv51b2EQJ8HmA==\n-----END CERTIFICATE-----\n",
                "is_ca": true,
                "issuer": "CN=DigiCert Global Root G2,OU=www.digicert.com,O=DigiCert Inc,C=US",
                "not_after": "2031-03-29T23:59:59Z",
                "not_before": "2021-03-30T00:00:00Z",
                "public_key_algorithm": "RSA",
                "serial_number": "17226682543955925492517929723242541158",
                "sha1_fingerprint": "1b511abead59c6ce207077c0bf0e0043b1382612",
                "signature_algorithm": "SHA256-RSA",
                "subject": "CN=DigiCert Global G2 TLS RSA SHA256 2020 CA1,O=DigiCert Inc,C=US",
                "version": 3
              },
              {
                "cert_pem": "-----BEGIN CERTIFICATE-----\nMIIIFTCCBv2gAwIBAgIQDxkWd9NEGyNLw9bIZv2g1TANBgkqhkiG9w0BAQsFADBZ\nMQswCQYDVQQGEwJVUzEVMBMGA1UEChMMRGlnaUNlcnQgSW5jMTMwMQYDVQQDEypE\naWdpQ2VydCBHbG9iYWwgRzIgVExTIFJTQSBTSEEyNTYgMjAyMCBDQTEwHhcNMjMw\nODA4MDAwMDAwWhcNMjQwODA3MjM1OTU5WjB7MQswCQYDVQQGEwJVUzETMBEGA1UE\nCBMKQ2FsaWZvcm5pYTEWMBQGA1UEBxMNU2FuIEZyYW5jaXNjbzEVMBMGA1UEChMM\nR2l0SHViLCBJbmMuMSgwJgYDVQQDDB8qLmFjdGlvbnMuZ2l0aHVidXNlcmNvbnRl\nbnQuY29tMIICIjANBgkqhkiG9w0BAQEFAAOCAg8AMIICCgKCAgEA4k8a9OWAmzfL\nZxLhbc70DP0uye9h+hFQ0CXKM5nq5lR0FNgycGr3xZPmKTR9wwR0Y3kmXN/mL23h\nvgnflw9Y1Zf8oE6PPOROTsYRliw6lTtgxyscpH7eWtVDXTSxytTSVI7r44S6ebtp\nXsxTG1MVtnS65OQe6iEgiW8NG+mfb4oSC0yC98tC9hW0qeNs1l00+fYMiwRojBx5\nXrTy0AbLyznx1nF4KGn4FR5qAOPhsUI3+7/jYEuZT5GTKxOizmujTvYLbo4sVgoj\nRdQJYYS1IKyp669UAkvKOxHDrAH+ugKDfTEvwdQIbsUXPvnQwnEJ4q2hj2y+Peg8\nNmQ/YfK0oVq0rNxNe3WFSSAZN3ntenDpy9H2sWEecxg00IbfHRHuW1fosZ38pCoC\ncTBCFVQN6/ECOGC+iJPo3hrhqHCxnLLVB0+s3tgM1WxQ3bNPwp5NHpDvxTnGfvIC\nXgT5buix8wf+Xld5mNiNACKBoqhdzIQga9cvQU85sPU0MBGiurfh/1G0TSLT0dJW\nzadok5vzPKSelNhn9WlDGE9RdkgzNOYLvHGiAkfoukMOXoyybNPnD/9CNMKjbILA\ngL6iMpY9xOAoF5Q133sB//NzI5i9AqW/+dZCjicwOS+4wuPyqVvabuSmZyqbwc6I\nNMS60oDnFSeddrJju4zJXlsx+pnOXBsCAwEAAaOCA7UwggOxMB8GA1UdIwQYMBaA\nFHSFgMBmx9833s+9KTeqAx2+7c0XMB0GA1UdDgQWBBR7WOKzctV85ISMI+MTPlnm\nqUqgfzBJBgNVHREEQjBAgh8qLmFjdGlvbnMuZ2l0aHVidXNlcmNvbnRlbnQuY29t\ngh1hY3Rpb25zLmdpdGh1YnVzZXJjb250ZW50LmNvbTAOBgNVHQ8BAf8EBAMCBaAw\nHQYDVR0lBBYwFAYIKwYBBQUHAwEGCCsGAQUFBwMCMIGfBgNVHR8EgZcwgZQwSKBG\noESGQmh0dHA6Ly9jcmwzLmRpZ2ljZXJ0LmNvbS9EaWdpQ2VydEdsb2JhbEcyVExT\nUlNBU0hBMjU2MjAyMENBMS0xLmNybDBIoEagRIZCaHR0cDovL2NybDQuZGlnaWNl\ncnQuY29tL0RpZ2lDZXJ0R2xvYmFsRzJUTFNSU0FTSEEyNTYyMDIwQ0ExLTEuY3Js\nMD4GA1UdIAQ3MDUwMwYGZ4EMAQICMCkwJwYIKwYBBQUHAgEWG2h0dHA6Ly93d3cu\nZGlnaWNlcnQuY29tL0NQUzCBhwYIKwYBBQUHAQEEezB5MCQGCCsGAQUFBzABhhho\ndHRwOi8vb2NzcC5kaWdpY2VydC5jb20wUQYIKwYBBQUHMAKGRWh0dHA6Ly9jYWNl\ncnRzLmRpZ2ljZXJ0LmNvbS9EaWdpQ2VydEdsb2JhbEcyVExTUlNBU0hBMjU2MjAy\nMENBMS0xLmNydDAJBgNVHRMEAjAAMIIBfAYKKwYBBAHWeQIEAgSCAWwEggFoAWYA\ndQDuzdBk1dsazsVct520zROiModGfLzs3sNRSFlGcR+1mwAAAYnWg4KeAAAEAwBG\nMEQCID49I0TCb/sfFom/gWdAAnAwY0lLg1a3ZheSuUuUZ/awAiBbY+RyBJAsFyIs\nTyjgo7x482okkqoEUdFHNVofmPny9wB1AEiw42vapkc0D+VqAvqdMOscUgHLVt0s\ngdm7v6s52IRzAAABidaDgtcAAAQDAEYwRAIgIjkhLyUFmcZH3M1Eg3br6jjS9XbX\nXteoTjckvYKB9NwCIGjI4b9spIT1JTDzzH4rMfd83028BRS/s0iDYJwlCroXAHYA\nPxdLT9ciR1iUHWUchL4NEu2QN38fhWrrwb8ohez4ZG4AAAGJ1oOCzgAABAMARzBF\nAiEAqjq/OMQ4ObREbWai8DoNZFKxzOArT95JzaPSZoeCf8ECIClHjtZ/Qm4oXBSe\nRfItIOyz7sC6TytYDtVHRdPs7PryMA0GCSqGSIb3DQEBCwUAA4IBAQCGObelVNjx\n/I1+aLKX7N8yB5vz26+y8q0qYmdBti2iAhfdQfLER8QRIwNeZRFy3qoHXk2uyZhB\nLkGv1vXTGWG7DTa0gwZKrvaWPFnx29e0MIpnS2XvnBxa7REYkbz3tbrSmybVKiHU\nPVANgJHDlTyGteHJ6Fpbti0v462jra+hddMEw1JG5K5G4GGgEBoFCaMm2AT3m3FK\njdqGPjFPuK8LZyoYaxGWtddxlzjxGhrkKJFbJmzBGVG48GzKhkRakerp85lTVHh7\nBD+/hhmANDvnnPtCGycYr+tCqz6x2Czl3Jhl8Jq9avYYkINgISgFfTWkTFCyB3QC\nAVK+YgnibWYr\n-----END CERTIFICATE-----\n",
                "is_ca": false,
                "issuer": "CN=DigiCert Global G2 TLS RSA SHA256 2020 CA1,O=DigiCert Inc,C=US",
                "not_after": "2024-08-07T23:59:59Z",
                "not_before": "2023-08-08T00:00:00Z",
                "public_key_algorithm": "RSA",
                "serial_number": "20068683064783400501503996458270826709",
                "sha1_fingerprint": "959cb2b52b4ad201a593847abca32ff48f838c2e",
                "signature_algorithm": "SHA256-RSA",
                "subject": "CN=*.actions.githubusercontent.com,O=GitHub\\, Inc.,L=San Francisco,ST=California,C=US",
                "version": 3
              }
            ],
            "content": null,
            "id": "43add1749d6d9832e0a8fca0784941273380c63a",
            "url": "https://token.actions.githubusercontent.com",
            "verify_chain": true
          },
          "sensitive_attributes": []
        }
      ]
    },
    {
      "mode": "managed",
      "type": "aws_apigatewayv2_api",
      "name": "api",
      "provider": "provider[\"registry.terraform.io/hashicorp/aws\"]",
      "instances": [
        {
          "schema_version": 0,
          "attributes": {
            "api_endpoint": "https://fs5v13fzn8.execute-api.us-east-1.amazonaws.com",
            "api_key_selection_expression": "$request.header.x-api-key",
            "arn": "arn:aws:apigateway:us-east-1::/apis/fs5v13fzn8",
            "body": null,
            "cors_configuration": [],
            "credentials_arn": null,
            "description": "",
            "disable_execute_api_endpoint": false,
            "execution_arn": "arn:aws:execute-api:us-east-1:921283598378:fs5v13fzn8",
            "fail_on_warnings": null,
            "id": "fs5v13fzn8",
            "name": "webkonce-apigtw",
            "protocol_type": "HTTP",
            "route_key": null,
            "route_selection_expression": "$request.method $request.path",
            "tags": null,
            "tags_all": {},
            "target": null,
            "version": ""
          },
          "sensitive_attributes": [],
          "private": "bnVsbA=="
        }
      ]
    },
    {
      "mode": "managed",
      "type": "aws_apigatewayv2_stage",
      "name": "api_stage",
      "provider": "provider[\"registry.terraform.io/hashicorp/aws\"]",
      "instances": [
        {
          "schema_version": 0,
          "attributes": {
            "access_log_settings": [],
            "api_id": "fs5v13fzn8",
            "arn": "arn:aws:apigateway:us-east-1::/apis/fs5v13fzn8/stages/$default",
            "auto_deploy": true,
            "client_certificate_id": "",
            "default_route_settings": [
              {
                "data_trace_enabled": false,
                "detailed_metrics_enabled": false,
                "logging_level": "",
                "throttling_burst_limit": 0,
                "throttling_rate_limit": 0
              }
            ],
            "deployment_id": "",
            "description": "",
            "execution_arn": "arn:aws:execute-api:us-east-1:921283598378:fs5v13fzn8/$default",
            "id": "$default",
            "invoke_url": "https://fs5v13fzn8.execute-api.us-east-1.amazonaws.com/",
            "name": "$default",
            "route_settings": [],
            "stage_variables": null,
            "tags": null,
            "tags_all": {}
          },
          "sensitive_attributes": [],
          "private": "bnVsbA==",
          "dependencies": [
            "aws_apigatewayv2_api.api"
          ]
        }
      ]
    },
    {
      "mode": "managed",
      "type": "aws_ecr_repository",
      "name": "ecr_repos",
      "provider": "provider[\"registry.terraform.io/hashicorp/aws\"]",
      "instances": [
        {
          "index_key": "lambda-nestjs",
          "schema_version": 0,
          "attributes": {
            "arn": "arn:aws:ecr:us-east-1:921283598378:repository/lambda-nestjs-repo",
            "encryption_configuration": [
              {
                "encryption_type": "AES256",
                "kms_key": ""
              }
            ],
            "force_delete": true,
            "id": "lambda-nestjs-repo",
            "image_scanning_configuration": [
              {
                "scan_on_push": true
              }
            ],
            "image_tag_mutability": "MUTABLE",
            "name": "lambda-nestjs-repo",
            "registry_id": "921283598378",
            "repository_url": "921283598378.dkr.ecr.us-east-1.amazonaws.com/lambda-nestjs-repo",
            "tags": {
              "env": "dev",
              "name": "lambda-nestjs-repo"
            },
            "tags_all": {
              "env": "dev",
              "name": "lambda-nestjs-repo"
            },
            "timeouts": null
          },
          "sensitive_attributes": [],
          "private": "eyJlMmJmYjczMC1lY2FhLTExZTYtOGY4OC0zNDM2M2JjN2M0YzAiOnsiZGVsZXRlIjoxMjAwMDAwMDAwMDAwfX0="
        }
      ]
    },
    {
      "mode": "managed",
      "type": "aws_iam_role",
      "name": "lambda_exec",
      "provider": "provider[\"registry.terraform.io/hashicorp/aws\"]",
      "instances": [
        {
          "schema_version": 0,
          "attributes": {
            "arn": "arn:aws:iam::921283598378:role/lambda_exec_role",
            "assume_role_policy": "{\"Statement\":[{\"Action\":\"sts:AssumeRole\",\"Effect\":\"Allow\",\"Principal\":{\"Service\":\"lambda.amazonaws.com\"}}],\"Version\":\"2012-10-17\"}",
            "create_date": "2024-07-04T19:51:49Z",
            "description": "",
            "force_detach_policies": false,
            "id": "lambda_exec_role",
            "inline_policy": [
              {
                "name": "lambda_exec_policy",
                "policy": "{\"Version\":\"2012-10-17\",\"Statement\":[{\"Action\":[\"logs:CreateLogGroup\",\"logs:CreateLogStream\",\"logs:PutLogEvents\"],\"Effect\":\"Allow\",\"Resource\":\"arn:aws:logs:*:*:*\"},{\"Action\":[\"ecr:GetDownloadUrlForLayer\",\"ecr:BatchGetImage\",\"ecr:BatchCheckLayerAvailability\"],\"Effect\":\"Allow\",\"Resource\":\"*\"}]}"
              }
            ],
            "managed_policy_arns": [],
            "max_session_duration": 3600,
            "name": "lambda_exec_role",
            "name_prefix": "",
            "path": "/",
            "permissions_boundary": "",
            "tags": null,
            "tags_all": {},
            "unique_id": "AROA5NAGIDAVAZ73GQFSX"
          },
          "sensitive_attributes": [],
          "private": "bnVsbA=="
        }
      ]
    },
    {
      "mode": "managed",
      "type": "kubernetes_config_map",
      "name": "lambda_nestjs_config",
      "provider": "provider[\"registry.terraform.io/hashicorp/kubernetes\"]",
      "instances": [
        {
          "schema_version": 0,
          "attributes": {
            "binary_data": null,
            "data": {
              "IMAGE_TAG": "latest",
              "JWT_EXPIRATION_TIME": "3600",
              "JWT_SECRET": "your_jwt_secret_here",
              "MONGODB_URI": "mongodb://mongodb-service.default.svc.cluster.local:27017",
              "SECRET_KEY": "your_secret_key_here"
            },
            "id": "default/lambda-nestjs-config",
            "immutable": false,
            "metadata": [
              {
                "annotations": null,
                "generate_name": "",
                "generation": 0,
                "labels": null,
                "name": "lambda-nestjs-config",
                "namespace": "default",
                "resource_version": "6955",
                "uid": "7657d149-0ec4-4b2e-b3cb-ddaaa3712802"
              }
            ]
          },
          "sensitive_attributes": [],
          "private": "bnVsbA==",
          "dependencies": [
            "data.aws_eks_cluster.cluster",
            "data.aws_eks_cluster_auth.cluster"
          ]
        }
      ]
    },
    {
      "mode": "managed",
      "type": "kubernetes_deployment",
      "name": "lambda_nestjs",
      "provider": "provider[\"registry.terraform.io/hashicorp/kubernetes\"]",
      "instances": [
        {
          "schema_version": 1,
          "attributes": {
            "id": "default/lambda-nestjs-deployment",
            "metadata": [
              {
                "annotations": null,
                "generate_name": "",
                "generation": 1,
                "labels": null,
                "name": "lambda-nestjs-deployment",
                "namespace": "default",
                "resource_version": "8047",
                "uid": "8909cffa-adfa-4da7-a7fd-a0ed30090338"
              }
            ],
            "spec": [
              {
                "min_ready_seconds": 0,
                "paused": false,
                "progress_deadline_seconds": 600,
                "replicas": "1",
                "revision_history_limit": 10,
                "selector": [
                  {
                    "match_expressions": [],
                    "match_labels": {
                      "app": "lambda-nestjs"
                    }
                  }
                ],
                "strategy": [
                  {
                    "rolling_update": [
                      {
                        "max_surge": "25%",
                        "max_unavailable": "25%"
                      }
                    ],
                    "type": "RollingUpdate"
                  }
                ],
                "template": [
                  {
                    "metadata": [
                      {
                        "annotations": null,
                        "generate_name": "",
                        "generation": 0,
                        "labels": {
                          "app": "lambda-nestjs"
                        },
                        "name": "",
                        "namespace": "",
                        "resource_version": "",
                        "uid": ""
                      }
                    ],
                    "spec": [
                      {
                        "active_deadline_seconds": 0,
                        "affinity": [],
                        "automount_service_account_token": true,
                        "container": [
                          {
                            "args": null,
                            "command": null,
                            "env": [
                              {
                                "name": "MONGODB_URI",
                                "value": "mongodb://mongodb-service.default.svc.cluster.local:27017",
                                "value_from": []
                              }
                            ],
                            "env_from": [],
                            "image": "921283598378.dkr.ecr.us-east-1.amazonaws.com/lambda-nestjs-repo:latest",
                            "image_pull_policy": "Always",
                            "lifecycle": [],
                            "liveness_probe": [],
                            "name": "lambda-nestjs-container",
                            "port": [],
                            "readiness_probe": [],
                            "resources": [
                              {
                                "limits": {},
                                "requests": {}
                              }
                            ],
                            "security_context": [],
                            "startup_probe": [],
                            "stdin": false,
                            "stdin_once": false,
                            "termination_message_path": "/dev/termination-log",
                            "termination_message_policy": "File",
                            "tty": false,
                            "volume_mount": [],
                            "working_dir": ""
                          }
                        ],
                        "dns_config": [],
                        "dns_policy": "ClusterFirst",
                        "enable_service_links": true,
                        "host_aliases": [],
                        "host_ipc": false,
                        "host_network": false,
                        "host_pid": false,
                        "hostname": "",
                        "image_pull_secrets": [],
                        "init_container": [],
                        "node_name": "",
                        "node_selector": null,
                        "os": [],
                        "priority_class_name": "",
                        "readiness_gate": [],
                        "restart_policy": "Always",
                        "runtime_class_name": "",
                        "scheduler_name": "default-scheduler",
                        "security_context": [],
                        "service_account_name": "",
                        "share_process_namespace": false,
                        "subdomain": "",
                        "termination_grace_period_seconds": 30,
                        "toleration": [],
                        "topology_spread_constraint": [],
                        "volume": []
                      }
                    ]
                  }
                ]
              }
            ],
            "timeouts": null,
            "wait_for_rollout": true
          },
          "sensitive_attributes": [],
          "private": "eyJlMmJmYjczMC1lY2FhLTExZTYtOGY4OC0zNDM2M2JjN2M0YzAiOnsiY3JlYXRlIjo2MDAwMDAwMDAwMDAsImRlbGV0ZSI6NjAwMDAwMDAwMDAwLCJ1cGRhdGUiOjYwMDAwMDAwMDAwMH0sInNjaGVtYV92ZXJzaW9uIjoiMSJ9",
          "dependencies": [
            "aws_ecr_repository.ecr_repos",
            "data.aws_eks_cluster.cluster",
            "data.aws_eks_cluster_auth.cluster"
          ]
        }
      ]
    },
    {
      "mode": "managed",
      "type": "kubernetes_persistent_volume",
      "name": "example",
      "provider": "provider[\"registry.terraform.io/hashicorp/kubernetes\"]",
      "instances": [
        {
          "schema_version": 0,
          "attributes": {
            "id": "examplevolumename",
            "metadata": [
              {
                "annotations": null,
                "generation": 0,
                "labels": null,
                "name": "examplevolumename",
                "resource_version": "6960",
                "uid": "1f2bc624-2229-4899-87e8-a00587eed92d"
              }
            ],
            "spec": [
              {
                "access_modes": [
                  "ReadWriteMany"
                ],
                "capacity": {
                  "storage": "10Gi"
                },
                "claim_ref": [],
                "mount_options": null,
                "node_affinity": [],
                "persistent_volume_reclaim_policy": "Retain",
                "persistent_volume_source": [
                  {
                    "aws_elastic_block_store": [],
                    "azure_disk": [],
                    "azure_file": [],
                    "ceph_fs": [],
                    "cinder": [],
                    "csi": [],
                    "fc": [],
                    "flex_volume": [],
                    "flocker": [],
                    "gce_persistent_disk": [
                      {
                        "fs_type": "",
                        "partition": 0,
                        "pd_name": "test-123",
                        "read_only": false
                      }
                    ],
                    "glusterfs": [],
                    "host_path": [],
                    "iscsi": [],
                    "local": [],
                    "nfs": [],
                    "photon_persistent_disk": [],
                    "quobyte": [],
                    "rbd": [],
                    "vsphere_volume": []
                  }
                ],
                "storage_class_name": "",
                "volume_mode": "Filesystem"
              }
            ],
            "timeouts": null
          },
          "sensitive_attributes": [],
          "private": "eyJlMmJmYjczMC1lY2FhLTExZTYtOGY4OC0zNDM2M2JjN2M0YzAiOnsiY3JlYXRlIjozMDAwMDAwMDAwMDB9fQ==",
          "dependencies": [
            "data.aws_eks_cluster.cluster",
            "data.aws_eks_cluster_auth.cluster"
          ]
        }
      ]
    },
    {
      "mode": "managed",
      "type": "kubernetes_persistent_volume_claim",
      "name": "mongodb_pvc",
      "provider": "provider[\"registry.terraform.io/hashicorp/kubernetes\"]",
      "instances": [
        {
          "status": "tainted",
          "schema_version": 0,
          "attributes": {
            "id": "default/mongodb-pvc",
            "metadata": [
              {
                "annotations": null,
                "generate_name": "",
                "generation": 0,
                "labels": null,
                "name": "mongodb-pvc",
                "namespace": "default",
                "resource_version": "",
                "uid": ""
              }
            ],
            "spec": [
              {
                "access_modes": [
                  "ReadWriteOnce"
                ],
                "resources": [
                  {
                    "limits": null,
                    "requests": {
                      "storage": "10Gi"
                    }
                  }
                ],
                "selector": [],
                "storage_class_name": "",
                "volume_mode": "",
                "volume_name": "examplevolumename"
              }
            ],
            "timeouts": null,
            "wait_until_bound": true
          },
          "sensitive_attributes": [],
          "private": "eyJlMmJmYjczMC1lY2FhLTExZTYtOGY4OC0zNDM2M2JjN2M0YzAiOnsiY3JlYXRlIjozMDAwMDAwMDAwMDB9fQ==",
          "dependencies": [
            "data.aws_eks_cluster.cluster",
            "data.aws_eks_cluster_auth.cluster",
            "kubernetes_persistent_volume.example"
          ]
        }
      ]
    },
    {
      "mode": "managed",
      "type": "kubernetes_secret",
      "name": "lambda_nestjs_secret",
      "provider": "provider[\"registry.terraform.io/hashicorp/kubernetes\"]",
      "instances": [
        {
          "schema_version": 0,
          "attributes": {
            "binary_data": null,
            "data": {
              "IMAGE_TAG": "latest",
              "JWT_EXPIRATION_TIME": "3600",
              "JWT_SECRET": "your_jwt_secret_here",
              "MONGODB_URI": "mongodb://mongodb-service.default.svc.cluster.local:27017",
              "SECRET_KEY": "your_secret_key_here"
            },
            "id": "default/lambda-nestjs-secret",
            "immutable": false,
            "metadata": [
              {
                "annotations": null,
                "generate_name": "",
                "generation": 0,
                "labels": null,
                "name": "lambda-nestjs-secret",
                "namespace": "default",
                "resource_version": "6954",
                "uid": "8a8071ad-d504-4e7a-bcbf-7b6f01731e1e"
              }
            ],
            "timeouts": null,
            "type": "Opaque",
            "wait_for_service_account_token": true
          },
          "sensitive_attributes": [],
          "private": "eyJlMmJmYjczMC1lY2FhLTExZTYtOGY4OC0zNDM2M2JjN2M0YzAiOnsiY3JlYXRlIjo2MDAwMDAwMDAwMH19",
          "dependencies": [
            "data.aws_eks_cluster.cluster",
            "data.aws_eks_cluster_auth.cluster"
          ]
        }
      ]
    },
    {
      "mode": "managed",
      "type": "kubernetes_service",
      "name": "lambda_nestjs_service",
      "provider": "provider[\"registry.terraform.io/hashicorp/kubernetes\"]",
      "instances": [
        {
          "schema_version": 1,
          "attributes": {
            "id": "default/lambda-nestjs-service",
            "metadata": [
              {
                "annotations": null,
                "generate_name": "",
                "generation": 0,
                "labels": null,
                "name": "lambda-nestjs-service",
                "namespace": "default",
                "resource_version": "7004",
                "uid": "21d8a5b6-e97e-4e4f-bc0e-e9f2145a3c43"
              }
            ],
            "spec": [
              {
                "allocate_load_balancer_node_ports": true,
                "cluster_ip": "10.100.96.134",
                "cluster_ips": [
                  "10.100.96.134"
                ],
                "external_ips": null,
                "external_name": "",
                "external_traffic_policy": "Cluster",
                "health_check_node_port": 0,
                "internal_traffic_policy": "Cluster",
                "ip_families": [
                  "IPv4"
                ],
                "ip_family_policy": "SingleStack",
                "load_balancer_class": "",
                "load_balancer_ip": "",
                "load_balancer_source_ranges": null,
                "port": [
                  {
                    "app_protocol": "",
                    "name": "",
                    "node_port": 32610,
                    "port": 80,
                    "protocol": "TCP",
                    "target_port": "3000"
                  }
                ],
                "publish_not_ready_addresses": false,
                "selector": {
                  "app": "lambda-nestjs"
                },
                "session_affinity": "None",
                "session_affinity_config": [],
                "type": "LoadBalancer"
              }
            ],
            "status": [
              {
                "load_balancer": [
                  {
                    "ingress": [
                      {
                        "hostname": "a21d8a5b6e97e4e4fbc0ee9f2145a3c4-1047598619.us-east-1.elb.amazonaws.com",
                        "ip": ""
                      }
                    ]
                  }
                ]
              }
            ],
            "timeouts": null,
            "wait_for_load_balancer": true
          },
          "sensitive_attributes": [],
          "private": "eyJlMmJmYjczMC1lY2FhLTExZTYtOGY4OC0zNDM2M2JjN2M0YzAiOnsiY3JlYXRlIjo2MDAwMDAwMDAwMDB9LCJzY2hlbWFfdmVyc2lvbiI6IjEifQ==",
          "dependencies": [
            "data.aws_eks_cluster.cluster",
            "data.aws_eks_cluster_auth.cluster"
          ]
        }
      ]
    },
    {
      "mode": "managed",
      "type": "kubernetes_stateful_set",
      "name": "mongodb",
      "provider": "provider[\"registry.terraform.io/hashicorp/kubernetes\"]",
      "instances": [
        {
          "status": "tainted",
          "schema_version": 1,
          "attributes": {
            "id": "default/mongodb-statefulset",
            "metadata": [
              {
                "annotations": null,
                "generate_name": "",
                "generation": 0,
                "labels": null,
                "name": "mongodb-statefulset",
                "namespace": "default",
                "resource_version": "",
                "uid": ""
              }
            ],
            "spec": [
              {
                "persistent_volume_claim_retention_policy": [],
                "pod_management_policy": "",
                "replicas": "1",
                "revision_history_limit": 0,
                "selector": [
                  {
                    "match_expressions": [],
                    "match_labels": {
                      "app": "mongodb"
                    }
                  }
                ],
                "service_name": "mongodb",
                "template": [
                  {
                    "metadata": [
                      {
                        "annotations": null,
                        "generate_name": "",
                        "generation": 0,
                        "labels": {
                          "app": "mongodb"
                        },
                        "name": "",
                        "namespace": "",
                        "resource_version": "",
                        "uid": ""
                      }
                    ],
                    "spec": [
                      {
                        "active_deadline_seconds": 0,
                        "affinity": [],
                        "automount_service_account_token": true,
                        "container": [
                          {
                            "args": null,
                            "command": null,
                            "env": [],
                            "env_from": [],
                            "image": "mongo:latest",
                            "image_pull_policy": "",
                            "lifecycle": [],
                            "liveness_probe": [],
                            "name": "mongodb",
                            "port": [],
                            "readiness_probe": [],
                            "resources": [],
                            "security_context": [],
                            "startup_probe": [],
                            "stdin": false,
                            "stdin_once": false,
                            "termination_message_path": "/dev/termination-log",
                            "termination_message_policy": "",
                            "tty": false,
                            "volume_mount": [
                              {
                                "mount_path": "/data/db",
                                "mount_propagation": "None",
                                "name": "mongodb-data",
                                "read_only": false,
                                "sub_path": ""
                              }
                            ],
                            "working_dir": ""
                          }
                        ],
                        "dns_config": [],
                        "dns_policy": "ClusterFirst",
                        "enable_service_links": true,
                        "host_aliases": [],
                        "host_ipc": false,
                        "host_network": false,
                        "host_pid": false,
                        "hostname": "",
                        "image_pull_secrets": [],
                        "init_container": [],
                        "node_name": "",
                        "node_selector": null,
                        "os": [],
                        "priority_class_name": "",
                        "readiness_gate": [],
                        "restart_policy": "Always",
                        "runtime_class_name": "",
                        "scheduler_name": "",
                        "security_context": [],
                        "service_account_name": "",
                        "share_process_namespace": false,
                        "subdomain": "",
                        "termination_grace_period_seconds": 30,
                        "toleration": [],
                        "topology_spread_constraint": [],
                        "volume": [
                          {
                            "aws_elastic_block_store": [],
                            "azure_disk": [],
                            "azure_file": [],
                            "ceph_fs": [],
                            "cinder": [],
                            "config_map": [],
                            "csi": [],
                            "downward_api": [],
                            "empty_dir": [],
                            "ephemeral": [],
                            "fc": [],
                            "flex_volume": [],
                            "flocker": [],
                            "gce_persistent_disk": [],
                            "git_repo": [],
                            "glusterfs": [],
                            "host_path": [],
                            "iscsi": [],
                            "local": [],
                            "name": "mongodb-data",
                            "nfs": [],
                            "persistent_volume_claim": [
                              {
                                "claim_name": "mongodb-pvc",
                                "read_only": false
                              }
                            ],
                            "photon_persistent_disk": [],
                            "projected": [],
                            "quobyte": [],
                            "rbd": [],
                            "secret": [],
                            "vsphere_volume": []
                          }
                        ]
                      }
                    ]
                  }
                ],
                "update_strategy": [],
                "volume_claim_template": []
              }
            ],
            "timeouts": null,
            "wait_for_rollout": true
          },
          "sensitive_attributes": [],
          "private": "eyJlMmJmYjczMC1lY2FhLTExZTYtOGY4OC0zNDM2M2JjN2M0YzAiOnsiY3JlYXRlIjo2MDAwMDAwMDAwMDAsImRlbGV0ZSI6NjAwMDAwMDAwMDAwLCJyZWFkIjo2MDAwMDAwMDAwMDAsInVwZGF0ZSI6NjAwMDAwMDAwMDAwfSwic2NoZW1hX3ZlcnNpb24iOiIxIn0=",
          "dependencies": [
            "data.aws_eks_cluster.cluster",
            "data.aws_eks_cluster_auth.cluster"
          ]
        }
      ]
    },
    {
      "mode": "managed",
      "type": "null_resource",
      "name": "build_push_dkr_img",
      "provider": "provider[\"registry.terraform.io/hashicorp/null\"]",
      "instances": [
        {
          "index_key": "lambda-nestjs",
          "schema_version": 0,
          "attributes": {
            "id": "3343275570082164773",
            "triggers": {
              "detect_docker_source_changes": "48310aa8c128350288b209e62f0e6500a9357b9a188eb55e5949998eb7459c6d"
            }
          },
          "sensitive_attributes": [],
          "dependencies": [
            "aws_ecr_repository.ecr_repos",
            "data.aws_caller_identity.current"
          ]
        }
      ]
    }
  ],
  "check_results": null
}
